
Microsoft Visual Studio Solution File, Format Version 12.00
# Visual Studio 15
Project("{FAE04EC0-301F-11D3-BF4B-00C04F79EFBC}") = "AstarPathfindingProject", "AstarPathfindingProject.csproj", "{2F28C3FE-58AC-09B1-EF1B-39D7374734CF}"
EndProject
Project("{FAE04EC0-301F-11D3-BF4B-00C04F79EFBC}") = "Assembly-CSharp", "Assembly-CSharp.csproj", "{AD2540FF-6001-5AB3-1B41-530034B1B639}"
EndProject
Project("{FAE04EC0-301F-11D3-BF4B-00C04F79EFBC}") = "PackageToolsEditor", "PackageToolsEditor.csproj", "{AF309FB4-E665-5D91-B330-2CD51274A0D9}"
EndProject
Project("{FAE04EC0-301F-11D3-BF4B-00C04F79EFBC}") = "AstarPathfindingProjectEditor", "AstarPathfindingProjectEditor.csproj", "{106BCC1D-80C5-ADE9-A00E-8C372E206D09}"
EndProject
Global
	GlobalSection(SolutionConfigurationPlatforms) = preSolution
		Debug|Any CPU = Debug|Any CPU
		Release|Any CPU = Release|Any CPU
	EndGlobalSection
	GlobalSection(ProjectConfigurationPlatforms) = postSolution
		{2F28C3FE-58AC-09B1-EF1B-39D7374734CF}.Debug|Any CPU.ActiveCfg = Debug|Any CPU
		{2F28C3FE-58AC-09B1-EF1B-39D7374734CF}.Debug|Any CPU.Build.0 = Debug|Any CPU
		{2F28C3FE-58AC-09B1-EF1B-39D7374734CF}.Release|Any CPU.ActiveCfg = Release|Any CPU
		{2F28C3FE-58AC-09B1-EF1B-39D7374734CF}.Release|Any CPU.Build.0 = Release|Any CPU
		{AD2540FF-6001-5AB3-1B41-530034B1B639}.Debug|Any CPU.ActiveCfg = Debug|Any CPU
		{AD2540FF-6001-5AB3-1B41-530034B1B639}.Debug|Any CPU.Build.0 = Debug|Any CPU
		{AD2540FF-6001-5AB3-1B41-530034B1B639}.Release|Any CPU.ActiveCfg = Release|Any CPU
		{AD2540FF-6001-5AB3-1B41-530034B1B639}.Release|Any CPU.Build.0 = Release|Any CPU
		{AF309FB4-E665-5D91-B330-2CD51274A0D9}.Debug|Any CPU.ActiveCfg = Debug|Any CPU
		{AF309FB4-E665-5D91-B330-2CD51274A0D9}.Debug|Any CPU.Build.0 = Debug|Any CPU
		{AF309FB4-E665-5D91-B330-2CD51274A0D9}.Release|Any CPU.ActiveCfg = Release|Any CPU
		{AF309FB4-E665-5D91-B330-2CD51274A0D9}.Release|Any CPU.Build.0 = Release|Any CPU
		{106BCC1D-80C5-ADE9-A00E-8C372E206D09}.Debug|Any CPU.ActiveCfg = Debug|Any CPU
		{106BCC1D-80C5-ADE9-A00E-8C372E206D09}.Debug|Any CPU.Build.0 = Debug|Any CPU
		{106BCC1D-80C5-ADE9-A00E-8C372E206D09}.Release|Any CPU.ActiveCfg = Release|Any CPU
		{106BCC1D-80C5-ADE9-A00E-8C372E206D09}.Release|Any CPU.Build.0 = Release|Any CPU
	EndGlobalSection
	GlobalSection(SolutionProperties) = preSolution
		HideSolutionNode = FALSE
	EndGlobalSection
EndGlobal
